
Microsoft Visual Studio Solution File, Format Version 12.00
# Visual Studio Version 16
VisualStudioVersion = 16.0.30204.135
MinimumVisualStudioVersion = 10.0.40219.1
Project("{FAE04EC0-301F-11D3-BF4B-00C04F79EFBC}") = "FilmCalculator", "FilmCalculator\FilmCalculator.csproj", "{780DAB7E-FA47-4E31-A5A8-4775783DDF9E}"
EndProject
Global
	GlobalSection(SolutionConfigurationPlatforms) = preSolution
		Debug|Any CPU = Debug|Any CPU
		Release|Any CPU = Release|Any CPU
	EndGlobalSection
	GlobalSection(ProjectConfigurationPlatforms) = postSolution
		{780DAB7E-FA47-4E31-A5A8-4775783DDF9E}.Debug|Any CPU.ActiveCfg = Debug|Any CPU
		{780DAB7E-FA47-4E31-A5A8-4775783DDF9E}.Debug|Any CPU.Build.0 = Debug|Any CPU
		{780DAB7E-FA47-4E31-A5A8-4775783DDF9E}.Release|Any CPU.ActiveCfg = Release|Any CPU
		{780DAB7E-FA47-4E31-A5A8-4775783DDF9E}.Release|Any CPU.Build.0 = Release|Any CPU
	EndGlobalSection
	GlobalSection(SolutionProperties) = preSolution
		HideSolutionNode = FALSE
	EndGlobalSection
	GlobalSection(ExtensibilityGlobals) = postSolution
		SolutionGuid = {CE63E689-D3E6-4AFD-A1DF-0B2745DEC734}
	EndGlobalSection
EndGlobal
